# This file is generated by running "yarn install" inside your project.
# Manual changes might be lost - proceed with caution!

__metadata:
  version: 6
  cacheKey: 8

"async@npm:^3.2.4":
  version: 3.2.4
  resolution: "async@npm:3.2.4"
  checksum: 43d07459a4e1d09b84a20772414aa684ff4de085cbcaec6eea3c7a8f8150e8c62aa6cd4e699fe8ee93c3a5b324e777d34642531875a0817a35697522c1b02e89
  languageName: node
  linkType: hard

"q-throttle@workspace:.":
  version: 0.0.0-use.local
  resolution: "q-throttle@workspace:."
  dependencies:
    async: ^3.2.4
    q: ^1.5.1
    underscore: ^1.13.6
  languageName: unknown
  linkType: soft

"q@npm:^1.5.1":
  version: 1.5.1
  resolution: "q@npm:1.5.1"
  checksum: 147baa93c805bc1200ed698bdf9c72e9e42c05f96d007e33a558b5fdfd63e5ea130e99313f28efc1783e90e6bdb4e48b67a36fcc026b7b09202437ae88a1fb12
  languageName: node
  linkType: hard

"underscore@npm:^1.13.6":
  version: 1.13.6
  resolution: "underscore@npm:1.13.6"
  checksum: d5cedd14a9d0d91dd38c1ce6169e4455bb931f0aaf354108e47bd46d3f2da7464d49b2171a5cf786d61963204a42d01ea1332a903b7342ad428deaafaf70ec36
  languageName: node
  linkType: hard
